// !$*UTF8*$!
{
	archiveVersion = 1;
	classes = {
	};
	objectVersion = 46;
	objects = {

/* Begin PBXBuildFile section */
		2725D9A31B3B061F00968814 /* AppDelegate.swift in Sources */ = {isa = PBXBuildFile; fileRef = 2725D9A21B3B061F00968814 /* AppDelegate.swift */; };
		2725D9A51B3B061F00968814 /* ViewController.swift in Sources */ = {isa = PBXBuildFile; fileRef = 2725D9A41B3B061F00968814 /* ViewController.swift */; };
		2725D9A71B3B061F00968814 /* Images.xcassets in Resources */ = {isa = PBXBuildFile; fileRef = 2725D9A61B3B061F00968814 /* Images.xcassets */; };
		2725D9AA1B3B061F00968814 /* Main.storyboard in Resources */ = {isa = PBXBuildFile; fileRef = 2725D9A81B3B061F00968814 /* Main.storyboard */; };
		2725D9B61B3B061F00968814 /* Tinderbox_Aeon_ExchangeTests.swift in Sources */ = {isa = PBXBuildFile; fileRef = 2725D9B51B3B061F00968814 /* Tinderbox_Aeon_ExchangeTests.swift */; };
		C9158FB61B3F52CB00F5A9DD /* OutlineViewControllerAeon.swift in Sources */ = {isa = PBXBuildFile; fileRef = C9158FB51B3F52CB00F5A9DD /* OutlineViewControllerAeon.swift */; };
		C9158FB81B3F826100F5A9DD /* TbxItem.swift in Sources */ = {isa = PBXBuildFile; fileRef = C9158FB71B3F826100F5A9DD /* TbxItem.swift */; };
		C9158FBF1B40019D00F5A9DD /* AeonItem.swift in Sources */ = {isa = PBXBuildFile; fileRef = C9158FBE1B40019D00F5A9DD /* AeonItem.swift */; };
		C9158FC11B4005BC00F5A9DD /* XMLParserTbx.swift in Sources */ = {isa = PBXBuildFile; fileRef = C9158FC01B4005BC00F5A9DD /* XMLParserTbx.swift */; };
		C94FF2881B3D760700B19515 /* AEXML.swift in Sources */ = {isa = PBXBuildFile; fileRef = C94FF2871B3D760700B19515 /* AEXML.swift */; };
		C95307061B3EA71500E9954E /* app notes.txt in Resources */ = {isa = PBXBuildFile; fileRef = C95307051B3EA71500E9954E /* app notes.txt */; };
		C953070A1B3EF5CB00E9954E /* OutlineViewControllerTbx.swift in Sources */ = {isa = PBXBuildFile; fileRef = C95307091B3EF5CB00E9954E /* OutlineViewControllerTbx.swift */; };
		C962A65C1B403EAD0019A2AC /* XMLParserAeon.swift in Sources */ = {isa = PBXBuildFile; fileRef = C962A65B1B403EAD0019A2AC /* XMLParserAeon.swift */; };
		C962A65F1B4046AF0019A2AC /* OutlineViewControllerScrivener.swift in Sources */ = {isa = PBXBuildFile; fileRef = C962A65E1B4046AF0019A2AC /* OutlineViewControllerScrivener.swift */; };
		C962A6611B4047030019A2AC /* ScrivenerItem.swift in Sources */ = {isa = PBXBuildFile; fileRef = C962A6601B4047030019A2AC /* ScrivenerItem.swift */; };
		C962A6631B40485A0019A2AC /* XMLParserScrivener.swift in Sources */ = {isa = PBXBuildFile; fileRef = C962A6621B40485A0019A2AC /* XMLParserScrivener.swift */; };
		C96310971B4054C8003CAF34 /* OutlineViewControllerScrivProtocolForm.swift in Sources */ = {isa = PBXBuildFile; fileRef = C96310961B4054C8003CAF34 /* OutlineViewControllerScrivProtocolForm.swift */; };
		C96B6F971B3CF3D200CBE22E /* TASCOutlineViewTinderbox.swift in Sources */ = {isa = PBXBuildFile; fileRef = C96B6F961B3CF3D200CBE22E /* TASCOutlineViewTinderbox.swift */; };
		C96B6F991B3CF40F00CBE22E /* TASCOutlineViewAeon.swift in Sources */ = {isa = PBXBuildFile; fileRef = C96B6F981B3CF40F00CBE22E /* TASCOutlineViewAeon.swift */; };
		C97583021B3C0FEC0075AC8A /* TASCTextView.swift in Sources */ = {isa = PBXBuildFile; fileRef = C97583011B3C0FEC0075AC8A /* TASCTextView.swift */; };
		C97583041B3C10330075AC8A /* Notes.txt in Resources */ = {isa = PBXBuildFile; fileRef = C97583031B3C10330075AC8A /* Notes.txt */; };
		C97583061B3C10860075AC8A /* TASCTextViewTB.swift in Sources */ = {isa = PBXBuildFile; fileRef = C97583051B3C10860075AC8A /* TASCTextViewTB.swift */; };
		C97583081B3C10B60075AC8A /* TASCTextViewAE.swift in Sources */ = {isa = PBXBuildFile; fileRef = C97583071B3C10B60075AC8A /* TASCTextViewAE.swift */; };
		C98B7AFB1B42B8D600C5D662 /* XMLWriterTbx.swift in Sources */ = {isa = PBXBuildFile; fileRef = C98B7AFA1B42B8D600C5D662 /* XMLWriterTbx.swift */; };
		C99A213A1B404E630027B1D6 /* TASCOutlineViewScrivener.swift in Sources */ = {isa = PBXBuildFile; fileRef = C99A21391B404E630027B1D6 /* TASCOutlineViewScrivener.swift */; };
/* End PBXBuildFile section */

/* Begin PBXContainerItemProxy section */
		2725D9B01B3B061F00968814 /* PBXContainerItemProxy */ = {
			isa = PBXContainerItemProxy;
			containerPortal = 2725D9951B3B061F00968814 /* Project object */;
			proxyType = 1;
			remoteGlobalIDString = 2725D99C1B3B061F00968814;
			remoteInfo = "Tinderbox-Aeon-Exchange";
		};
/* End PBXContainerItemProxy section */

/* Begin PBXFileReference section */
		2725D99D1B3B061F00968814 /* Tinderbox-Aeon-Exchange.app */ = {isa = PBXFileReference; explicitFileType = wrapper.application; includeInIndex = 0; path = "Tinderbox-Aeon-Exchange.app"; sourceTree = BUILT_PRODUCTS_DIR; };
		2725D9A11B3B061F00968814 /* Info.plist */ = {isa = PBXFileReference; lastKnownFileType = text.plist.xml; path = Info.plist; sourceTree = "<group>"; };
		2725D9A21B3B061F00968814 /* AppDelegate.swift */ = {isa = PBXFileReference; lastKnownFileType = sourcecode.swift; path = AppDelegate.swift; sourceTree = "<group>"; };
		2725D9A41B3B061F00968814 /* ViewController.swift */ = {isa = PBXFileReference; lastKnownFileType = sourcecode.swift; path = ViewController.swift; sourceTree = "<group>"; };
		2725D9A61B3B061F00968814 /* Images.xcassets */ = {isa = PBXFileReference; lastKnownFileType = folder.assetcatalog; path = Images.xcassets; sourceTree = "<group>"; };
		2725D9A91B3B061F00968814 /* Base */ = {isa = PBXFileReference; lastKnownFileType = file.storyboard; name = Base; path = Base.lproj/Main.storyboard; sourceTree = "<group>"; };
		2725D9AF1B3B061F00968814 /* Tinderbox-Aeon-ExchangeTests.xctest */ = {isa = PBXFileReference; explicitFileType = wrapper.cfbundle; includeInIndex = 0; path = "Tinderbox-Aeon-ExchangeTests.xctest"; sourceTree = BUILT_PRODUCTS_DIR; };
		2725D9B41B3B061F00968814 /* Info.plist */ = {isa = PBXFileReference; lastKnownFileType = text.plist.xml; path = Info.plist; sourceTree = "<group>"; };
		2725D9B51B3B061F00968814 /* Tinderbox_Aeon_ExchangeTests.swift */ = {isa = PBXFileReference; lastKnownFileType = sourcecode.swift; path = Tinderbox_Aeon_ExchangeTests.swift; sourceTree = "<group>"; };
		C9158FB51B3F52CB00F5A9DD /* OutlineViewControllerAeon.swift */ = {isa = PBXFileReference; fileEncoding = 4; lastKnownFileType = sourcecode.swift; path = OutlineViewControllerAeon.swift; sourceTree = "<group>"; };
		C9158FB71B3F826100F5A9DD /* TbxItem.swift */ = {isa = PBXFileReference; fileEncoding = 4; lastKnownFileType = sourcecode.swift; name = TbxItem.swift; path = ../TbxItem.swift; sourceTree = "<group>"; };
		C9158FBE1B40019D00F5A9DD /* AeonItem.swift */ = {isa = PBXFileReference; fileEncoding = 4; lastKnownFileType = sourcecode.swift; path = AeonItem.swift; sourceTree = "<group>"; };
		C9158FC01B4005BC00F5A9DD /* XMLParserTbx.swift */ = {isa = PBXFileReference; fileEncoding = 4; lastKnownFileType = sourcecode.swift; path = XMLParserTbx.swift; sourceTree = "<group>"; };
		C94FF2871B3D760700B19515 /* AEXML.swift */ = {isa = PBXFileReference; fileEncoding = 4; lastKnownFileType = sourcecode.swift; path = AEXML.swift; sourceTree = "<group>"; };
		C95307051B3EA71500E9954E /* app notes.txt */ = {isa = PBXFileReference; fileEncoding = 4; lastKnownFileType = text; path = "app notes.txt"; sourceTree = "<group>"; };
		C95307091B3EF5CB00E9954E /* OutlineViewControllerTbx.swift */ = {isa = PBXFileReference; fileEncoding = 4; lastKnownFileType = sourcecode.swift; path = OutlineViewControllerTbx.swift; sourceTree = "<group>"; };
		C962A65B1B403EAD0019A2AC /* XMLParserAeon.swift */ = {isa = PBXFileReference; fileEncoding = 4; lastKnownFileType = sourcecode.swift; path = XMLParserAeon.swift; sourceTree = "<group>"; };
		C962A65E1B4046AF0019A2AC /* OutlineViewControllerScrivener.swift */ = {isa = PBXFileReference; fileEncoding = 4; lastKnownFileType = sourcecode.swift; path = OutlineViewControllerScrivener.swift; sourceTree = "<group>"; };
		C962A6601B4047030019A2AC /* ScrivenerItem.swift */ = {isa = PBXFileReference; fileEncoding = 4; lastKnownFileType = sourcecode.swift; path = ScrivenerItem.swift; sourceTree = "<group>"; };
		C962A6621B40485A0019A2AC /* XMLParserScrivener.swift */ = {isa = PBXFileReference; fileEncoding = 4; lastKnownFileType = sourcecode.swift; path = XMLParserScrivener.swift; sourceTree = "<group>"; };
		C96310961B4054C8003CAF34 /* OutlineViewControllerScrivProtocolForm.swift */ = {isa = PBXFileReference; fileEncoding = 4; lastKnownFileType = sourcecode.swift; path = OutlineViewControllerScrivProtocolForm.swift; sourceTree = "<group>"; };
		C96B6F961B3CF3D200CBE22E /* TASCOutlineViewTinderbox.swift */ = {isa = PBXFileReference; fileEncoding = 4; lastKnownFileType = sourcecode.swift; path = TASCOutlineViewTinderbox.swift; sourceTree = "<group>"; };
		C96B6F981B3CF40F00CBE22E /* TASCOutlineViewAeon.swift */ = {isa = PBXFileReference; fileEncoding = 4; lastKnownFileType = sourcecode.swift; path = TASCOutlineViewAeon.swift; sourceTree = "<group>"; };
		C97583011B3C0FEC0075AC8A /* TASCTextView.swift */ = {isa = PBXFileReference; fileEncoding = 4; lastKnownFileType = sourcecode.swift; path = TASCTextView.swift; sourceTree = "<group>"; };
		C97583031B3C10330075AC8A /* Notes.txt */ = {isa = PBXFileReference; fileEncoding = 4; lastKnownFileType = text; path = Notes.txt; sourceTree = "<group>"; };
		C97583051B3C10860075AC8A /* TASCTextViewTB.swift */ = {isa = PBXFileReference; fileEncoding = 4; lastKnownFileType = sourcecode.swift; path = TASCTextViewTB.swift; sourceTree = "<group>"; };
		C97583071B3C10B60075AC8A /* TASCTextViewAE.swift */ = {isa = PBXFileReference; fileEncoding = 4; lastKnownFileType = sourcecode.swift; path = TASCTextViewAE.swift; sourceTree = "<group>"; };
		C98B7AFA1B42B8D600C5D662 /* XMLWriterTbx.swift */ = {isa = PBXFileReference; fileEncoding = 4; lastKnownFileType = sourcecode.swift; path = XMLWriterTbx.swift; sourceTree = "<group>"; };
		C99A21391B404E630027B1D6 /* TASCOutlineViewScrivener.swift */ = {isa = PBXFileReference; fileEncoding = 4; lastKnownFileType = sourcecode.swift; path = TASCOutlineViewScrivener.swift; sourceTree = "<group>"; };
/* End PBXFileReference section */

/* Begin PBXFrameworksBuildPhase section */
		2725D99A1B3B061F00968814 /* Frameworks */ = {
			isa = PBXFrameworksBuildPhase;
			buildActionMask = 2147483647;
			files = (
			);
			runOnlyForDeploymentPostprocessing = 0;
		};
		2725D9AC1B3B061F00968814 /* Frameworks */ = {
			isa = PBXFrameworksBuildPhase;
			buildActionMask = 2147483647;
			files = (
			);
			runOnlyForDeploymentPostprocessing = 0;
		};
/* End PBXFrameworksBuildPhase section */

/* Begin PBXGroup section */
		2725D9941B3B061F00968814 = {
			isa = PBXGroup;
			children = (
				C95307051B3EA71500E9954E /* app notes.txt */,
				C97583031B3C10330075AC8A /* Notes.txt */,
				C9158FB91B3F83A000F5A9DD /* Tinderbox */,
				C9158FBA1B3F83B900F5A9DD /* Aeon */,
				C962A65D1B4046770019A2AC /* Scrivener */,
				2725D99F1B3B061F00968814 /* Tinderbox-Aeon-Exchange */,
				2725D9B21B3B061F00968814 /* Tinderbox-Aeon-ExchangeTests */,
				2725D99E1B3B061F00968814 /* Products */,
			);
			sourceTree = "<group>";
		};
		2725D99E1B3B061F00968814 /* Products */ = {
			isa = PBXGroup;
			children = (
				2725D99D1B3B061F00968814 /* Tinderbox-Aeon-Exchange.app */,
				2725D9AF1B3B061F00968814 /* Tinderbox-Aeon-ExchangeTests.xctest */,
			);
			name = Products;
			sourceTree = "<group>";
		};
		2725D99F1B3B061F00968814 /* Tinderbox-Aeon-Exchange */ = {
			isa = PBXGroup;
			children = (
				C9158FBD1B3F843E00F5A9DD /* Abstractions */,
				C9158FBC1B3F83EA00F5A9DD /* Parser */,
				C9158FBB1B3F83CA00F5A9DD /* TestData */,
				2725D9A21B3B061F00968814 /* AppDelegate.swift */,
				2725D9A41B3B061F00968814 /* ViewController.swift */,
				2725D9A61B3B061F00968814 /* Images.xcassets */,
				2725D9A81B3B061F00968814 /* Main.storyboard */,
				2725D9A01B3B061F00968814 /* Supporting Files */,
			);
			path = "Tinderbox-Aeon-Exchange";
			sourceTree = "<group>";
		};
		2725D9A01B3B061F00968814 /* Supporting Files */ = {
			isa = PBXGroup;
			children = (
				2725D9A11B3B061F00968814 /* Info.plist */,
			);
			name = "Supporting Files";
			sourceTree = "<group>";
		};
		2725D9B21B3B061F00968814 /* Tinderbox-Aeon-ExchangeTests */ = {
			isa = PBXGroup;
			children = (
				2725D9B51B3B061F00968814 /* Tinderbox_Aeon_ExchangeTests.swift */,
				2725D9B31B3B061F00968814 /* Supporting Files */,
			);
			path = "Tinderbox-Aeon-ExchangeTests";
			sourceTree = "<group>";
		};
		2725D9B31B3B061F00968814 /* Supporting Files */ = {
			isa = PBXGroup;
			children = (
				2725D9B41B3B061F00968814 /* Info.plist */,
			);
			name = "Supporting Files";
			sourceTree = "<group>";
		};
		C9158FB91B3F83A000F5A9DD /* Tinderbox */ = {
			isa = PBXGroup;
			children = (
				C96B6F961B3CF3D200CBE22E /* TASCOutlineViewTinderbox.swift */,
				C97583051B3C10860075AC8A /* TASCTextViewTB.swift */,
				C9158FB71B3F826100F5A9DD /* TbxItem.swift */,
				C95307091B3EF5CB00E9954E /* OutlineViewControllerTbx.swift */,
				C9158FC01B4005BC00F5A9DD /* XMLParserTbx.swift */,
				C98B7AFA1B42B8D600C5D662 /* XMLWriterTbx.swift */,
			);
			name = Tinderbox;
			path = "Tinderbox-Aeon-Exchange";
			sourceTree = "<group>";
		};
		C9158FBA1B3F83B900F5A9DD /* Aeon */ = {
			isa = PBXGroup;
			children = (
				C96B6F981B3CF40F00CBE22E /* TASCOutlineViewAeon.swift */,
				C97583071B3C10B60075AC8A /* TASCTextViewAE.swift */,
				C9158FB51B3F52CB00F5A9DD /* OutlineViewControllerAeon.swift */,
				C9158FBE1B40019D00F5A9DD /* AeonItem.swift */,
				C962A65B1B403EAD0019A2AC /* XMLParserAeon.swift */,
			);
			name = Aeon;
			path = "Tinderbox-Aeon-Exchange";
			sourceTree = "<group>";
		};
		C9158FBB1B3F83CA00F5A9DD /* TestData */ = {
			isa = PBXGroup;
			children = (
			);
			name = TestData;
			sourceTree = "<group>";
		};
		C9158FBC1B3F83EA00F5A9DD /* Parser */ = {
			isa = PBXGroup;
			children = (
				C94FF2871B3D760700B19515 /* AEXML.swift */,
			);
			name = Parser;
			sourceTree = "<group>";
		};
		C9158FBD1B3F843E00F5A9DD /* Abstractions */ = {
			isa = PBXGroup;
			children = (
				C97583011B3C0FEC0075AC8A /* TASCTextView.swift */,
			);
			name = Abstractions;
			sourceTree = "<group>";
		};
		C962A65D1B4046770019A2AC /* Scrivener */ = {
			isa = PBXGroup;
			children = (
				C962A65E1B4046AF0019A2AC /* OutlineViewControllerScrivener.swift */,
				C962A6601B4047030019A2AC /* ScrivenerItem.swift */,
				C962A6621B40485A0019A2AC /* XMLParserScrivener.swift */,
				C99A21391B404E630027B1D6 /* TASCOutlineViewScrivener.swift */,
				C96310961B4054C8003CAF34 /* OutlineViewControllerScrivProtocolForm.swift */,
			);
			name = Scrivener;
			path = "Tinderbox-Aeon-Exchange";
			sourceTree = "<group>";
		};
/* End PBXGroup section */

/* Begin PBXNativeTarget section */
		2725D99C1B3B061F00968814 /* Tinderbox-Aeon-Exchange */ = {
			isa = PBXNativeTarget;
			buildConfigurationList = 2725D9B91B3B061F00968814 /* Build configuration list for PBXNativeTarget "Tinderbox-Aeon-Exchange" */;
			buildPhases = (
				2725D9991B3B061F00968814 /* Sources */,
				2725D99A1B3B061F00968814 /* Frameworks */,
				2725D99B1B3B061F00968814 /* Resources */,
			);
			buildRules = (
			);
			dependencies = (
			);
			name = "Tinderbox-Aeon-Exchange";
			productName = "Tinderbox-Aeon-Exchange";
			productReference = 2725D99D1B3B061F00968814 /* Tinderbox-Aeon-Exchange.app */;
			productType = "com.apple.product-type.application";
		};
		2725D9AE1B3B061F00968814 /* Tinderbox-Aeon-ExchangeTests */ = {
			isa = PBXNativeTarget;
			buildConfigurationList = 2725D9BC1B3B061F00968814 /* Build configuration list for PBXNativeTarget "Tinderbox-Aeon-ExchangeTests" */;
			buildPhases = (
				2725D9AB1B3B061F00968814 /* Sources */,
				2725D9AC1B3B061F00968814 /* Frameworks */,
				2725D9AD1B3B061F00968814 /* Resources */,
			);
			buildRules = (
			);
			dependencies = (
				2725D9B11B3B061F00968814 /* PBXTargetDependency */,
			);
			name = "Tinderbox-Aeon-ExchangeTests";
			productName = "Tinderbox-Aeon-ExchangeTests";
			productReference = 2725D9AF1B3B061F00968814 /* Tinderbox-Aeon-ExchangeTests.xctest */;
			productType = "com.apple.product-type.bundle.unit-test";
		};
/* End PBXNativeTarget section */

/* Begin PBXProject section */
		2725D9951B3B061F00968814 /* Project object */ = {
			isa = PBXProject;
			attributes = {
				LastSwiftUpdateCheck = 0700;
				LastUpgradeCheck = 0700;
				ORGANIZATIONNAME = "Michael Prenez-Isbell";
				TargetAttributes = {
					2725D99C1B3B061F00968814 = {
						CreatedOnToolsVersion = 6.3.2;
					};
					2725D9AE1B3B061F00968814 = {
						CreatedOnToolsVersion = 6.3.2;
						TestTargetID = 2725D99C1B3B061F00968814;
					};
				};
			};
			buildConfigurationList = 2725D9981B3B061F00968814 /* Build configuration list for PBXProject "Tinderbox-Aeon-Exchange" */;
			compatibilityVersion = "Xcode 3.2";
			developmentRegion = English;
			hasScannedForEncodings = 0;
			knownRegions = (
				en,
				Base,
			);
			mainGroup = 2725D9941B3B061F00968814;
			productRefGroup = 2725D99E1B3B061F00968814 /* Products */;
			projectDirPath = "";
			projectRoot = "";
			targets = (
				2725D99C1B3B061F00968814 /* Tinderbox-Aeon-Exchange */,
				2725D9AE1B3B061F00968814 /* Tinderbox-Aeon-ExchangeTests */,
			);
		};
/* End PBXProject section */

/* Begin PBXResourcesBuildPhase section */
		2725D99B1B3B061F00968814 /* Resources */ = {
			isa = PBXResourcesBuildPhase;
			buildActionMask = 2147483647;
			files = (
				2725D9A71B3B061F00968814 /* Images.xcassets in Resources */,
				C95307061B3EA71500E9954E /* app notes.txt in Resources */,
				C97583041B3C10330075AC8A /* Notes.txt in Resources */,
				2725D9AA1B3B061F00968814 /* Main.storyboard in Resources */,
			);
			runOnlyForDeploymentPostprocessing = 0;
		};
		2725D9AD1B3B061F00968814 /* Resources */ = {
			isa = PBXResourcesBuildPhase;
			buildActionMask = 2147483647;
			files = (
			);
			runOnlyForDeploymentPostprocessing = 0;
		};
/* End PBXResourcesBuildPhase section */

/* Begin PBXSourcesBuildPhase section */
		2725D9991B3B061F00968814 /* Sources */ = {
			isa = PBXSourcesBuildPhase;
			buildActionMask = 2147483647;
			files = (
				C99A213A1B404E630027B1D6 /* TASCOutlineViewScrivener.swift in Sources */,
				C98B7AFB1B42B8D600C5D662 /* XMLWriterTbx.swift in Sources */,
				C97583061B3C10860075AC8A /* TASCTextViewTB.swift in Sources */,
				C97583081B3C10B60075AC8A /* TASCTextViewAE.swift in Sources */,
				2725D9A51B3B061F00968814 /* ViewController.swift in Sources */,
				C962A65F1B4046AF0019A2AC /* OutlineViewControllerScrivener.swift in Sources */,
				C96310971B4054C8003CAF34 /* OutlineViewControllerScrivProtocolForm.swift in Sources */,
				C953070A1B3EF5CB00E9954E /* OutlineViewControllerTbx.swift in Sources */,
				C96B6F971B3CF3D200CBE22E /* TASCOutlineViewTinderbox.swift in Sources */,
				C9158FB81B3F826100F5A9DD /* TbxItem.swift in Sources */,
				C96B6F991B3CF40F00CBE22E /* TASCOutlineViewAeon.swift in Sources */,
				C94FF2881B3D760700B19515 /* AEXML.swift in Sources */,
				C9158FB61B3F52CB00F5A9DD /* OutlineViewControllerAeon.swift in Sources */,
				C97583021B3C0FEC0075AC8A /* TASCTextView.swift in Sources */,
				C9158FC11B4005BC00F5A9DD /* XMLParserTbx.swift in Sources */,
				C962A6631B40485A0019A2AC /* XMLParserScrivener.swift in Sources */,
				C962A65C1B403EAD0019A2AC /* XMLParserAeon.swift in Sources */,
				C9158FBF1B40019D00F5A9DD /* AeonItem.swift in Sources */,
				C962A6611B4047030019A2AC /* ScrivenerItem.swift in Sources */,
				2725D9A31B3B061F00968814 /* AppDelegate.swift in Sources */,
			);
			runOnlyForDeploymentPostprocessing = 0;
		};
		2725D9AB1B3B061F00968814 /* Sources */ = {
			isa = PBXSourcesBuildPhase;
			buildActionMask = 2147483647;
			files = (
				2725D9B61B3B061F00968814 /* Tinderbox_Aeon_ExchangeTests.swift in Sources */,
			);
			runOnlyForDeploymentPostprocessing = 0;
		};
/* End PBXSourcesBuildPhase section */

/* Begin PBXTargetDependency section */
		2725D9B11B3B061F00968814 /* PBXTargetDependency */ = {
			isa = PBXTargetDependency;
			target = 2725D99C1B3B061F00968814 /* Tinderbox-Aeon-Exchange */;
			targetProxy = 2725D9B01B3B061F00968814 /* PBXContainerItemProxy */;
		};
/* End PBXTargetDependency section */

/* Begin PBXVariantGroup section */
		2725D9A81B3B061F00968814 /* Main.storyboard */ = {
			isa = PBXVariantGroup;
			children = (
				2725D9A91B3B061F00968814 /* Base */,
			);
			name = Main.storyboard;
			sourceTree = "<group>";
		};
/* End PBXVariantGroup section */

/* Begin XCBuildConfiguration section */
		2725D9B71B3B061F00968814 /* Debug */ = {
			isa = XCBuildConfiguration;
			buildSettings = {
				ALWAYS_SEARCH_USER_PATHS = NO;
				CLANG_CXX_LANGUAGE_STANDARD = "gnu++0x";
				CLANG_CXX_LIBRARY = "libc++";
				CLANG_ENABLE_MODULES = YES;
				CLANG_ENABLE_OBJC_ARC = YES;
				CLANG_WARN_BOOL_CONVERSION = YES;
				CLANG_WARN_CONSTANT_CONVERSION = YES;
				CLANG_WARN_DIRECT_OBJC_ISA_USAGE = YES_ERROR;
				CLANG_WARN_EMPTY_BODY = YES;
				CLANG_WARN_ENUM_CONVERSION = YES;
				CLANG_WARN_INT_CONVERSION = YES;
				CLANG_WARN_OBJC_ROOT_CLASS = YES_ERROR;
				CLANG_WARN_UNREACHABLE_CODE = YES;
				CLANG_WARN__DUPLICATE_METHOD_MATCH = YES;
				CODE_SIGN_IDENTITY = "-";
				COPY_PHASE_STRIP = NO;
				DEBUG_INFORMATION_FORMAT = dwarf;
				ENABLE_STRICT_OBJC_MSGSEND = YES;
				ENABLE_TESTABILITY = YES;
				GCC_C_LANGUAGE_STANDARD = gnu99;
				GCC_DYNAMIC_NO_PIC = NO;
				GCC_NO_COMMON_BLOCKS = YES;
				GCC_OPTIMIZATION_LEVEL = 0;
				GCC_PREPROCESSOR_DEFINITIONS = (
					"DEBUG=1",
					"$(inherited)",
				);
				GCC_SYMBOLS_PRIVATE_EXTERN = NO;
				GCC_WARN_64_TO_32_BIT_CONVERSION = YES;
				GCC_WARN_ABOUT_RETURN_TYPE = YES_ERROR;
				GCC_WARN_UNDECLARED_SELECTOR = YES;
				GCC_WARN_UNINITIALIZED_AUTOS = YES_AGGRESSIVE;
				GCC_WARN_UNUSED_FUNCTION = YES;
				GCC_WARN_UNUSED_VARIABLE = YES;
				MACOSX_DEPLOYMENT_TARGET = 10.10;
				MTL_ENABLE_DEBUG_INFO = YES;
				ONLY_ACTIVE_ARCH = YES;
				SDKROOT = macosx;
				SWIFT_OPTIMIZATION_LEVEL = "-Onone";
			};
			name = Debug;
		};
		2725D9B81B3B061F00968814 /* Release */ = {
			isa = XCBuildConfiguration;
			buildSettings = {
				ALWAYS_SEARCH_USER_PATHS = NO;
				CLANG_CXX_LANGUAGE_STANDARD = "gnu++0x";
				CLANG_CXX_LIBRARY = "libc++";
				CLANG_ENABLE_MODULES = YES;
				CLANG_ENABLE_OBJC_ARC = YES;
				CLANG_WARN_BOOL_CONVERSION = YES;
				CLANG_WARN_CONSTANT_CONVERSION = YES;
				CLANG_WARN_DIRECT_OBJC_ISA_USAGE = YES_ERROR;
				CLANG_WARN_EMPTY_BODY = YES;
				CLANG_WARN_ENUM_CONVERSION = YES;
				CLANG_WARN_INT_CONVERSION = YES;
				CLANG_WARN_OBJC_ROOT_CLASS = YES_ERROR;
				CLANG_WARN_UNREACHABLE_CODE = YES;
				CLANG_WARN__DUPLICATE_METHOD_MATCH = YES;
				CODE_SIGN_IDENTITY = "-";
				COPY_PHASE_STRIP = NO;
				DEBUG_INFORMATION_FORMAT = "dwarf-with-dsym";
				ENABLE_NS_ASSERTIONS = NO;
				ENABLE_STRICT_OBJC_MSGSEND = YES;
				GCC_C_LANGUAGE_STANDARD = gnu99;
				GCC_NO_COMMON_BLOCKS = YES;
				GCC_WARN_64_TO_32_BIT_CONVERSION = YES;
				GCC_WARN_ABOUT_RETURN_TYPE = YES_ERROR;
				GCC_WARN_UNDECLARED_SELECTOR = YES;
				GCC_WARN_UNINITIALIZED_AUTOS = YES_AGGRESSIVE;
				GCC_WARN_UNUSED_FUNCTION = YES;
				GCC_WARN_UNUSED_VARIABLE = YES;
				MACOSX_DEPLOYMENT_TARGET = 10.10;
				MTL_ENABLE_DEBUG_INFO = NO;
				SDKROOT = macosx;
			};
			name = Release;
		};
		2725D9BA1B3B061F00968814 /* Debug */ = {
			isa = XCBuildConfiguration;
			buildSettings = {
				ASSETCATALOG_COMPILER_APPICON_NAME = AppIcon;
				COMBINE_HIDPI_IMAGES = YES;
				INFOPLIST_FILE = "Tinderbox-Aeon-Exchange/Info.plist";
				LD_RUNPATH_SEARCH_PATHS = "$(inherited) @executable_path/../Frameworks";
				PRODUCT_BUNDLE_IDENTIFIER = "com.prenezsoft.$(PRODUCT_NAME:rfc1034identifier)";
				PRODUCT_NAME = "$(TARGET_NAME)";
			};
			name = Debug;
		};
		2725D9BB1B3B061F00968814 /* Release */ = {
			isa = XCBuildConfiguration;
			buildSettings = {
				ASSETCATALOG_COMPILER_APPICON_NAME = AppIcon;
				COMBINE_HIDPI_IMAGES = YES;
				INFOPLIST_FILE = "Tinderbox-Aeon-Exchange/Info.plist";
				LD_RUNPATH_SEARCH_PATHS = "$(inherited) @executable_path/../Frameworks";
				PRODUCT_BUNDLE_IDENTIFIER = "com.prenezsoft.$(PRODUCT_NAME:rfc1034identifier)";
				PRODUCT_NAME = "$(TARGET_NAME)";
			};
			name = Release;
		};
		2725D9BD1B3B061F00968814 /* Debug */ = {
			isa = XCBuildConfiguration;
			buildSettings = {
				BUNDLE_LOADER = "$(TEST_HOST)";
				COMBINE_HIDPI_IMAGES = YES;
				FRAMEWORK_SEARCH_PATHS = (
					"$(DEVELOPER_FRAMEWORKS_DIR)",
					"$(inherited)",
				);
				GCC_PREPROCESSOR_DEFINITIONS = (
					"DEBUG=1",
					"$(inherited)",
				);
				INFOPLIST_FILE = "Tinderbox-Aeon-ExchangeTests/Info.plist";
				LD_RUNPATH_SEARCH_PATHS = "$(inherited) @executable_path/../Frameworks @loader_path/../Frameworks";
				PRODUCT_BUNDLE_IDENTIFIER = "com.prenezsoft.$(PRODUCT_NAME:rfc1034identifier)";
				PRODUCT_NAME = "$(TARGET_NAME)";
				TEST_HOST = "$(BUILT_PRODUCTS_DIR)/Tinderbox-Aeon-Exchange.app/Contents/MacOS/Tinderbox-Aeon-Exchange";
			};
			name = Debug;
		};
		2725D9BE1B3B061F00968814 /* Release */ = {
			isa = XCBuildConfiguration;
			buildSettings = {
				BUNDLE_LOADER = "$(TEST_HOST)";
				COMBINE_HIDPI_IMAGES = YES;
				FRAMEWORK_SEARCH_PATHS = (
					"$(DEVELOPER_FRAMEWORKS_DIR)",
					"$(inherited)",
				);
				INFOPLIST_FILE = "Tinderbox-Aeon-ExchangeTests/Info.plist";
				LD_RUNPATH_SEARCH_PATHS = "$(inherited) @executable_path/../Frameworks @loader_path/../Frameworks";
				PRODUCT_BUNDLE_IDENTIFIER = "com.prenezsoft.$(PRODUCT_NAME:rfc1034identifier)";
				PRODUCT_NAME = "$(TARGET_NAME)";
				TEST_HOST = "$(BUILT_PRODUCTS_DIR)/Tinderbox-Aeon-Exchange.app/Contents/MacOS/Tinderbox-Aeon-Exchange";
			};
			name = Release;
		};
/* End XCBuildConfiguration section */

/* Begin XCConfigurationList section */
		2725D9981B3B061F00968814 /* Build configuration list for PBXProject "Tinderbox-Aeon-Exchange" */ = {
			isa = XCConfigurationList;
			buildConfigurations = (
				2725D9B71B3B061F00968814 /* Debug */,
				2725D9B81B3B061F00968814 /* Release */,
			);
			defaultConfigurationIsVisible = 0;
			defaultConfigurationName = Release;
		};
		2725D9B91B3B061F00968814 /* Build configuration list for PBXNativeTarget "Tinderbox-Aeon-Exchange" */ = {
			isa = XCConfigurationList;
			buildConfigurations = (
				2725D9BA1B3B061F00968814 /* Debug */,
				2725D9BB1B3B061F00968814 /* Release */,
			);
			defaultConfigurationIsVisible = 0;
			defaultConfigurationName = Release;
		};
		2725D9BC1B3B061F00968814 /* Build configuration list for PBXNativeTarget "Tinderbox-Aeon-ExchangeTests" */ = {
			isa = XCConfigurationList;
			buildConfigurations = (
				2725D9BD1B3B061F00968814 /* Debug */,
				2725D9BE1B3B061F00968814 /* Release */,
			);
			defaultConfigurationIsVisible = 0;
			defaultConfigurationName = Release;
		};
/* End XCConfigurationList section */
	};
	rootObject = 2725D9951B3B061F00968814 /* Project object */;
}
